// !$*UTF8*$!
{
	archiveVersion = 1;
	classes = {
	};
	objectVersion = 46;
	objects = {

/* Begin PBXBuildFile section */
		88238DF59F9E5593557734A4 /* Pods___.framework in Frameworks */ = {isa = PBXBuildFile; fileRef = 210A93ABD7CAACBDD150F924 /* Pods___.framework */; };
		D52B61381D59ADE400F33388 /* WLNaviC.swift in Sources */ = {isa = PBXBuildFile; fileRef = D52B61371D59ADE400F33388 /* WLNaviC.swift */; };
		D52B613A1D5A37C900F33388 /* NetManager.swift in Sources */ = {isa = PBXBuildFile; fileRef = D52B61391D5A37C900F33388 /* NetManager.swift */; };
		D55B4F111D5B92AD00DC400E /* RCDataManager.swift in Sources */ = {isa = PBXBuildFile; fileRef = D55B4F101D5B92AD00DC400E /* RCDataManager.swift */; };
		D55B5CD61D4C55C000F06D41 /* First.storyboard in Resources */ = {isa = PBXBuildFile; fileRef = D55B5CD51D4C55C000F06D41 /* First.storyboard */; };
		D55B5CD91D4C55E400F06D41 /* Second.storyboard in Resources */ = {isa = PBXBuildFile; fileRef = D55B5CD71D4C55E400F06D41 /* Second.storyboard */; };
		D55B5CDB1D4C560D00F06D41 /* Third.storyboard in Resources */ = {isa = PBXBuildFile; fileRef = D55B5CDA1D4C560D00F06D41 /* Third.storyboard */; };
		D55B5CDE1D4C562A00F06D41 /* Fourth.storyboard in Resources */ = {isa = PBXBuildFile; fileRef = D55B5CDC1D4C562A00F06D41 /* Fourth.storyboard */; };
		D566EFD51D4B634F00B1D100 /* AppDelegate.swift in Sources */ = {isa = PBXBuildFile; fileRef = D566EFD41D4B634F00B1D100 /* AppDelegate.swift */; };
		D566EFDA1D4B634F00B1D100 /* Main.storyboard in Resources */ = {isa = PBXBuildFile; fileRef = D566EFD81D4B634F00B1D100 /* Main.storyboard */; };
		D566EFDC1D4B635000B1D100 /* Assets.xcassets in Resources */ = {isa = PBXBuildFile; fileRef = D566EFDB1D4B635000B1D100 /* Assets.xcassets */; };
		D566EFDF1D4B635000B1D100 /* LaunchScreen.storyboard in Resources */ = {isa = PBXBuildFile; fileRef = D566EFDD1D4B635000B1D100 /* LaunchScreen.storyboard */; };
		D566EFEB1D4B6DDF00B1D100 /* FirstVC.swift in Sources */ = {isa = PBXBuildFile; fileRef = D566EFEA1D4B6DDF00B1D100 /* FirstVC.swift */; };
		D566EFED1D4B723F00B1D100 /* ChatVC.swift in Sources */ = {isa = PBXBuildFile; fileRef = D566EFEC1D4B723E00B1D100 /* ChatVC.swift */; };
		D566EFEF1D4B8DAE00B1D100 /* LoginVC.swift in Sources */ = {isa = PBXBuildFile; fileRef = D566EFEE1D4B8DAE00B1D100 /* LoginVC.swift */; };
		D566EFF11D4B9FB900B1D100 /* FoundPasswordVC.swift in Sources */ = {isa = PBXBuildFile; fileRef = D566EFF01D4B9FB900B1D100 /* FoundPasswordVC.swift */; };
		D566EFF31D4B9FE400B1D100 /* SignVC.swift in Sources */ = {isa = PBXBuildFile; fileRef = D566EFF21D4B9FE400B1D100 /* SignVC.swift */; };
		D566EFF61D4BA1A900B1D100 /* Login.storyboard in Resources */ = {isa = PBXBuildFile; fileRef = D566EFF41D4BA1A900B1D100 /* Login.storyboard */; };
		D5A462401D4DE995000EBC81 /* NavigationBar.storyboard in Resources */ = {isa = PBXBuildFile; fileRef = D5A4623F1D4DE995000EBC81 /* NavigationBar.storyboard */; };
		D5A4624A1D4DF949000EBC81 /* Code2DVC.swift in Sources */ = {isa = PBXBuildFile; fileRef = D5A462491D4DF949000EBC81 /* Code2DVC.swift */; };
		D5A4624C1D4E58EE000EBC81 /* MeTableVC.swift in Sources */ = {isa = PBXBuildFile; fileRef = D5A4624B1D4E58EE000EBC81 /* MeTableVC.swift */; };
		D5A4624E1D4E6157000EBC81 /* ThirdTableViewController.swift in Sources */ = {isa = PBXBuildFile; fileRef = D5A4624D1D4E6157000EBC81 /* ThirdTableViewController.swift */; };
		D5A462501D4E6577000EBC81 /* SecondVC.swift in Sources */ = {isa = PBXBuildFile; fileRef = D5A4624F1D4E6577000EBC81 /* SecondVC.swift */; };
		D5A951E91D60E595003B3EC4 /* RCDGroupInfo.swift in Sources */ = {isa = PBXBuildFile; fileRef = D5A951E81D60E595003B3EC4 /* RCDGroupInfo.swift */; };
/* End PBXBuildFile section */

/* Begin PBXFileReference section */
		210A93ABD7CAACBDD150F924 /* Pods___.framework */ = {isa = PBXFileReference; explicitFileType = wrapper.framework; includeInIndex = 0; path = "Pods___.framework"; sourceTree = BUILT_PRODUCTS_DIR; };
		BF5ABC3F48C50BA164EE178F /* Pods-我撩.release.xcconfig */ = {isa = PBXFileReference; includeInIndex = 1; lastKnownFileType = text.xcconfig; name = "Pods-我撩.release.xcconfig"; path = "Pods/Target Support Files/Pods-我撩/Pods-我撩.release.xcconfig"; sourceTree = "<group>"; };
		C6DF2A06C1AA4C28CE0DEF20 /* Pods-我撩.debug.xcconfig */ = {isa = PBXFileReference; includeInIndex = 1; lastKnownFileType = text.xcconfig; name = "Pods-我撩.debug.xcconfig"; path = "Pods/Target Support Files/Pods-我撩/Pods-我撩.debug.xcconfig"; sourceTree = "<group>"; };
		D52B61371D59ADE400F33388 /* WLNaviC.swift */ = {isa = PBXFileReference; fileEncoding = 4; lastKnownFileType = sourcecode.swift; path = WLNaviC.swift; sourceTree = "<group>"; };
		D52B61391D5A37C900F33388 /* NetManager.swift */ = {isa = PBXFileReference; fileEncoding = 4; lastKnownFileType = sourcecode.swift; path = NetManager.swift; sourceTree = "<group>"; };
		D55B4F101D5B92AD00DC400E /* RCDataManager.swift */ = {isa = PBXFileReference; fileEncoding = 4; lastKnownFileType = sourcecode.swift; path = RCDataManager.swift; sourceTree = "<group>"; };
		D55B5CD51D4C55C000F06D41 /* First.storyboard */ = {isa = PBXFileReference; fileEncoding = 4; lastKnownFileType = file.storyboard; path = First.storyboard; sourceTree = "<group>"; };
		D55B5CD81D4C55E400F06D41 /* Base */ = {isa = PBXFileReference; lastKnownFileType = file.storyboard; name = Base; path = Base.lproj/Second.storyboard; sourceTree = "<group>"; };
		D55B5CDA1D4C560D00F06D41 /* Third.storyboard */ = {isa = PBXFileReference; fileEncoding = 4; lastKnownFileType = file.storyboard; path = Third.storyboard; sourceTree = "<group>"; };
		D55B5CDD1D4C562A00F06D41 /* Base */ = {isa = PBXFileReference; lastKnownFileType = file.storyboard; name = Base; path = Base.lproj/Fourth.storyboard; sourceTree = "<group>"; };
		D566EFD11D4B634F00B1D100 /* 我撩.app */ = {isa = PBXFileReference; explicitFileType = wrapper.application; includeInIndex = 0; path = "我撩.app"; sourceTree = BUILT_PRODUCTS_DIR; };
		D566EFD41D4B634F00B1D100 /* AppDelegate.swift */ = {isa = PBXFileReference; lastKnownFileType = sourcecode.swift; path = AppDelegate.swift; sourceTree = "<group>"; };
		D566EFD91D4B634F00B1D100 /* Base */ = {isa = PBXFileReference; lastKnownFileType = file.storyboard; name = Base; path = Base.lproj/Main.storyboard; sourceTree = "<group>"; };
		D566EFDB1D4B635000B1D100 /* Assets.xcassets */ = {isa = PBXFileReference; lastKnownFileType = folder.assetcatalog; path = Assets.xcassets; sourceTree = "<group>"; };
		D566EFDE1D4B635000B1D100 /* Base */ = {isa = PBXFileReference; lastKnownFileType = file.storyboard; name = Base; path = Base.lproj/LaunchScreen.storyboard; sourceTree = "<group>"; };
		D566EFE01D4B635000B1D100 /* Info.plist */ = {isa = PBXFileReference; lastKnownFileType = text.plist.xml; path = Info.plist; sourceTree = "<group>"; };
		D566EFE61D4B65F000B1D100 /* 我撩-Bridging-Header.h */ = {isa = PBXFileReference; lastKnownFileType = sourcecode.c.h; path = "我撩-Bridging-Header.h"; sourceTree = "<group>"; };
		D566EFEA1D4B6DDF00B1D100 /* FirstVC.swift */ = {isa = PBXFileReference; fileEncoding = 4; lastKnownFileType = sourcecode.swift; path = FirstVC.swift; sourceTree = "<group>"; };
		D566EFEC1D4B723E00B1D100 /* ChatVC.swift */ = {isa = PBXFileReference; fileEncoding = 4; lastKnownFileType = sourcecode.swift; path = ChatVC.swift; sourceTree = "<group>"; };
		D566EFEE1D4B8DAE00B1D100 /* LoginVC.swift */ = {isa = PBXFileReference; fileEncoding = 4; lastKnownFileType = sourcecode.swift; path = LoginVC.swift; sourceTree = "<group>"; };
		D566EFF01D4B9FB900B1D100 /* FoundPasswordVC.swift */ = {isa = PBXFileReference; fileEncoding = 4; lastKnownFileType = sourcecode.swift; path = FoundPasswordVC.swift; sourceTree = "<group>"; };
		D566EFF21D4B9FE400B1D100 /* SignVC.swift */ = {isa = PBXFileReference; fileEncoding = 4; lastKnownFileType = sourcecode.swift; path = SignVC.swift; sourceTree = "<group>"; };
		D566EFF51D4BA1A900B1D100 /* Base */ = {isa = PBXFileReference; lastKnownFileType = file.storyboard; name = Base; path = Base.lproj/Login.storyboard; sourceTree = "<group>"; };
		D5A4623F1D4DE995000EBC81 /* NavigationBar.storyboard */ = {isa = PBXFileReference; fileEncoding = 4; lastKnownFileType = file.storyboard; path = NavigationBar.storyboard; sourceTree = "<group>"; };
		D5A462491D4DF949000EBC81 /* Code2DVC.swift */ = {isa = PBXFileReference; fileEncoding = 4; lastKnownFileType = sourcecode.swift; path = Code2DVC.swift; sourceTree = "<group>"; };
		D5A4624B1D4E58EE000EBC81 /* MeTableVC.swift */ = {isa = PBXFileReference; fileEncoding = 4; lastKnownFileType = sourcecode.swift; path = MeTableVC.swift; sourceTree = "<group>"; };
		D5A4624D1D4E6157000EBC81 /* ThirdTableViewController.swift */ = {isa = PBXFileReference; fileEncoding = 4; lastKnownFileType = sourcecode.swift; path = ThirdTableViewController.swift; sourceTree = "<group>"; };
		D5A4624F1D4E6577000EBC81 /* SecondVC.swift */ = {isa = PBXFileReference; fileEncoding = 4; lastKnownFileType = sourcecode.swift; path = SecondVC.swift; sourceTree = "<group>"; };
		D5A951E81D60E595003B3EC4 /* RCDGroupInfo.swift */ = {isa = PBXFileReference; fileEncoding = 4; lastKnownFileType = sourcecode.swift; path = RCDGroupInfo.swift; sourceTree = "<group>"; };
/* End PBXFileReference section */

/* Begin PBXFrameworksBuildPhase section */
		D566EFCE1D4B634F00B1D100 /* Frameworks */ = {
			isa = PBXFrameworksBuildPhase;
			buildActionMask = 2147483647;
			files = (
				88238DF59F9E5593557734A4 /* Pods___.framework in Frameworks */,
			);
			runOnlyForDeploymentPostprocessing = 0;
		};
/* End PBXFrameworksBuildPhase section */

/* Begin PBXGroup section */
		205635AC2E3A47DC21BAFA04 /* Frameworks */ = {
			isa = PBXGroup;
			children = (
				210A93ABD7CAACBDD150F924 /* Pods___.framework */,
			);
			name = Frameworks;
			sourceTree = "<group>";
		};
		5CB60FC8A3AC2CAEFDBED021 /* Pods */ = {
			isa = PBXGroup;
			children = (
				C6DF2A06C1AA4C28CE0DEF20 /* Pods-我撩.debug.xcconfig */,
				BF5ABC3F48C50BA164EE178F /* Pods-我撩.release.xcconfig */,
			);
			name = Pods;
			sourceTree = "<group>";
		};
		D566EFC81D4B634F00B1D100 = {
			isa = PBXGroup;
			children = (
				D566EFD31D4B634F00B1D100 /* 我撩 */,
				D566EFD21D4B634F00B1D100 /* Products */,
				5CB60FC8A3AC2CAEFDBED021 /* Pods */,
				205635AC2E3A47DC21BAFA04 /* Frameworks */,
			);
			sourceTree = "<group>";
		};
		D566EFD21D4B634F00B1D100 /* Products */ = {
			isa = PBXGroup;
			children = (
				D566EFD11D4B634F00B1D100 /* 我撩.app */,
			);
			name = Products;
			sourceTree = "<group>";
		};
		D566EFD31D4B634F00B1D100 /* 我撩 */ = {
			isa = PBXGroup;
			children = (
				D566EFD41D4B634F00B1D100 /* AppDelegate.swift */,
				D5A951E81D60E595003B3EC4 /* RCDGroupInfo.swift */,
				D566EFD81D4B634F00B1D100 /* Main.storyboard */,
				D52B61391D5A37C900F33388 /* NetManager.swift */,
				D55B4F101D5B92AD00DC400E /* RCDataManager.swift */,
				D5A462411D4DEE7D000EBC81 /* First */,
				D5A462441D4DEF2E000EBC81 /* Second */,
				D5A462421D4DEEAB000EBC81 /* Third */,
				D5A462451D4DEF3E000EBC81 /* Fourth */,
				D5A462431D4DEEC6000EBC81 /* Login */,
				D5A462461D4DEF98000EBC81 /* NavigationBar */,
				D566EFDD1D4B635000B1D100 /* LaunchScreen.storyboard */,
				D566EFDB1D4B635000B1D100 /* Assets.xcassets */,
				D566EFE01D4B635000B1D100 /* Info.plist */,
				D566EFE61D4B65F000B1D100 /* 我撩-Bridging-Header.h */,
			);
			path = "我撩";
			sourceTree = "<group>";
		};
		D5A462411D4DEE7D000EBC81 /* First */ = {
			isa = PBXGroup;
			children = (
				D566EFEC1D4B723E00B1D100 /* ChatVC.swift */,
				D566EFEA1D4B6DDF00B1D100 /* FirstVC.swift */,
				D55B5CD51D4C55C000F06D41 /* First.storyboard */,
			);
			name = First;
			sourceTree = "<group>";
		};
		D5A462421D4DEEAB000EBC81 /* Third */ = {
			isa = PBXGroup;
			children = (
				D55B5CDA1D4C560D00F06D41 /* Third.storyboard */,
				D5A4624D1D4E6157000EBC81 /* ThirdTableViewController.swift */,
			);
			name = Third;
			sourceTree = "<group>";
		};
		D5A462431D4DEEC6000EBC81 /* Login */ = {
			isa = PBXGroup;
			children = (
				D566EFF01D4B9FB900B1D100 /* FoundPasswordVC.swift */,
				D566EFF21D4B9FE400B1D100 /* SignVC.swift */,
				D566EFEE1D4B8DAE00B1D100 /* LoginVC.swift */,
				D566EFF41D4BA1A900B1D100 /* Login.storyboard */,
			);
			name = Login;
			sourceTree = "<group>";
		};
		D5A462441D4DEF2E000EBC81 /* Second */ = {
			isa = PBXGroup;
			children = (
				D55B5CD71D4C55E400F06D41 /* Second.storyboard */,
				D5A4624F1D4E6577000EBC81 /* SecondVC.swift */,
			);
			name = Second;
			sourceTree = "<group>";
		};
		D5A462451D4DEF3E000EBC81 /* Fourth */ = {
			isa = PBXGroup;
			children = (
				D55B5CDC1D4C562A00F06D41 /* Fourth.storyboard */,
				D5A4624B1D4E58EE000EBC81 /* MeTableVC.swift */,
				D5A462491D4DF949000EBC81 /* Code2DVC.swift */,
			);
			name = Fourth;
			sourceTree = "<group>";
		};
		D5A462461D4DEF98000EBC81 /* NavigationBar */ = {
			isa = PBXGroup;
			children = (
				D5A4623F1D4DE995000EBC81 /* NavigationBar.storyboard */,
				D52B61371D59ADE400F33388 /* WLNaviC.swift */,
			);
			name = NavigationBar;
			sourceTree = "<group>";
		};
/* End PBXGroup section */

/* Begin PBXNativeTarget section */
		D566EFD01D4B634F00B1D100 /* 我撩 */ = {
			isa = PBXNativeTarget;
			buildConfigurationList = D566EFE31D4B635000B1D100 /* Build configuration list for PBXNativeTarget "我撩" */;
			buildPhases = (
				016DF381B774ED7A8BD359EB /* [CP] Check Pods Manifest.lock */,
				D566EFCD1D4B634F00B1D100 /* Sources */,
				D566EFCE1D4B634F00B1D100 /* Frameworks */,
				D566EFCF1D4B634F00B1D100 /* Resources */,
				6756B45019090D072366DDE3 /* [CP] Embed Pods Frameworks */,
				936E93E2366C35EA9C3A3357 /* [CP] Copy Pods Resources */,
			);
			buildRules = (
			);
			dependencies = (
			);
			name = "我撩";
			productName = "我撩";
			productReference = D566EFD11D4B634F00B1D100 /* 我撩.app */;
			productType = "com.apple.product-type.application";
		};
/* End PBXNativeTarget section */

/* Begin PBXProject section */
		D566EFC91D4B634F00B1D100 /* Project object */ = {
			isa = PBXProject;
			attributes = {
				LastSwiftUpdateCheck = 0800;
				LastUpgradeCheck = 0800;
				ORGANIZATIONNAME = jgh;
				TargetAttributes = {
					D566EFD01D4B634F00B1D100 = {
						CreatedOnToolsVersion = 8.0;
						DevelopmentTeam = 2L8683256Z;
						DevelopmentTeamName = "国辉 焦 (Personal Team)";
						LastSwiftMigration = 0800;
						ProvisioningStyle = Automatic;
					};
				};
			};
			buildConfigurationList = D566EFCC1D4B634F00B1D100 /* Build configuration list for PBXProject "我撩" */;
			compatibilityVersion = "Xcode 3.2";
			developmentRegion = English;
			hasScannedForEncodings = 0;
			knownRegions = (
				en,
				Base,
			);
			mainGroup = D566EFC81D4B634F00B1D100;
			productRefGroup = D566EFD21D4B634F00B1D100 /* Products */;
			projectDirPath = "";
			projectRoot = "";
			targets = (
				D566EFD01D4B634F00B1D100 /* 我撩 */,
			);
		};
/* End PBXProject section */

/* Begin PBXResourcesBuildPhase section */
		D566EFCF1D4B634F00B1D100 /* Resources */ = {
			isa = PBXResourcesBuildPhase;
			buildActionMask = 2147483647;
			files = (
				D55B5CDE1D4C562A00F06D41 /* Fourth.storyboard in Resources */,
				D55B5CD91D4C55E400F06D41 /* Second.storyboard in Resources */,
				D5A462401D4DE995000EBC81 /* NavigationBar.storyboard in Resources */,
				D566EFF61D4BA1A900B1D100 /* Login.storyboard in Resources */,
				D566EFDF1D4B635000B1D100 /* LaunchScreen.storyboard in Resources */,
				D55B5CDB1D4C560D00F06D41 /* Third.storyboard in Resources */,
				D566EFDC1D4B635000B1D100 /* Assets.xcassets in Resources */,
				D566EFDA1D4B634F00B1D100 /* Main.storyboard in Resources */,
				D55B5CD61D4C55C000F06D41 /* First.storyboard in Resources */,
			);
			runOnlyForDeploymentPostprocessing = 0;
		};
/* End PBXResourcesBuildPhase section */

/* Begin PBXShellScriptBuildPhase section */
		016DF381B774ED7A8BD359EB /* [CP] Check Pods Manifest.lock */ = {
			isa = PBXShellScriptBuildPhase;
			buildActionMask = 2147483647;
			files = (
			);
			inputPaths = (
			);
			name = "[CP] Check Pods Manifest.lock";
			outputPaths = (
			);
			runOnlyForDeploymentPostprocessing = 0;
			shellPath = /bin/sh;
			shellScript = "diff \"${PODS_ROOT}/../Podfile.lock\" \"${PODS_ROOT}/Manifest.lock\" > /dev/null\nif [[ $? != 0 ]] ; then\n    cat << EOM\nerror: The sandbox is not in sync with the Podfile.lock. Run 'pod install' or update your CocoaPods installation.\nEOM\n    exit 1\nfi\n";
			showEnvVarsInLog = 0;
		};
		6756B45019090D072366DDE3 /* [CP] Embed Pods Frameworks */ = {
			isa = PBXShellScriptBuildPhase;
			buildActionMask = 2147483647;
			files = (
			);
			inputPaths = (
			);
			name = "[CP] Embed Pods Frameworks";
			outputPaths = (
			);
			runOnlyForDeploymentPostprocessing = 0;
			shellPath = /bin/sh;
			shellScript = "\"${SRCROOT}/Pods/Target Support Files/Pods-我撩/Pods-我撩-frameworks.sh\"\n";
			showEnvVarsInLog = 0;
		};
		936E93E2366C35EA9C3A3357 /* [CP] Copy Pods Resources */ = {
			isa = PBXShellScriptBuildPhase;
			buildActionMask = 2147483647;
			files = (
			);
			inputPaths = (
			);
			name = "[CP] Copy Pods Resources";
			outputPaths = (
			);
			runOnlyForDeploymentPostprocessing = 0;
			shellPath = /bin/sh;
			shellScript = "\"${SRCROOT}/Pods/Target Support Files/Pods-我撩/Pods-我撩-resources.sh\"\n";
			showEnvVarsInLog = 0;
		};
/* End PBXShellScriptBuildPhase section */

/* Begin PBXSourcesBuildPhase section */
		D566EFCD1D4B634F00B1D100 /* Sources */ = {
			isa = PBXSourcesBuildPhase;
			buildActionMask = 2147483647;
			files = (
				D52B61381D59ADE400F33388 /* WLNaviC.swift in Sources */,
				D52B613A1D5A37C900F33388 /* NetManager.swift in Sources */,
				D566EFED1D4B723F00B1D100 /* ChatVC.swift in Sources */,
				D566EFF31D4B9FE400B1D100 /* SignVC.swift in Sources */,
				D566EFEB1D4B6DDF00B1D100 /* FirstVC.swift in Sources */,
				D5A4624A1D4DF949000EBC81 /* Code2DVC.swift in Sources */,
				D55B4F111D5B92AD00DC400E /* RCDataManager.swift in Sources */,
				D5A951E91D60E595003B3EC4 /* RCDGroupInfo.swift in Sources */,
				D5A4624C1D4E58EE000EBC81 /* MeTableVC.swift in Sources */,
				D566EFF11D4B9FB900B1D100 /* FoundPasswordVC.swift in Sources */,
				D5A462501D4E6577000EBC81 /* SecondVC.swift in Sources */,
				D566EFEF1D4B8DAE00B1D100 /* LoginVC.swift in Sources */,
				D566EFD51D4B634F00B1D100 /* AppDelegate.swift in Sources */,
				D5A4624E1D4E6157000EBC81 /* ThirdTableViewController.swift in Sources */,
			);
			runOnlyForDeploymentPostprocessing = 0;
		};
/* End PBXSourcesBuildPhase section */

/* Begin PBXVariantGroup section */
		D55B5CD71D4C55E400F06D41 /* Second.storyboard */ = {
			isa = PBXVariantGroup;
			children = (
				D55B5CD81D4C55E400F06D41 /* Base */,
			);
			name = Second.storyboard;
			sourceTree = "<group>";
		};
		D55B5CDC1D4C562A00F06D41 /* Fourth.storyboard */ = {
			isa = PBXVariantGroup;
			children = (
				D55B5CDD1D4C562A00F06D41 /* Base */,
			);
			name = Fourth.storyboard;
			sourceTree = "<group>";
		};
		D566EFD81D4B634F00B1D100 /* Main.storyboard */ = {
			isa = PBXVariantGroup;
			children = (
				D566EFD91D4B634F00B1D100 /* Base */,
			);
			name = Main.storyboard;
			sourceTree = "<group>";
		};
		D566EFDD1D4B635000B1D100 /* LaunchScreen.storyboard */ = {
			isa = PBXVariantGroup;
			children = (
				D566EFDE1D4B635000B1D100 /* Base */,
			);
			name = LaunchScreen.storyboard;
			sourceTree = "<group>";
		};
		D566EFF41D4BA1A900B1D100 /* Login.storyboard */ = {
			isa = PBXVariantGroup;
			children = (
				D566EFF51D4BA1A900B1D100 /* Base */,
			);
			name = Login.storyboard;
			sourceTree = "<group>";
		};
/* End PBXVariantGroup section */

/* Begin XCBuildConfiguration section */
		D566EFE11D4B635000B1D100 /* Debug */ = {
			isa = XCBuildConfiguration;
			buildSettings = {
				ALWAYS_SEARCH_USER_PATHS = NO;
				CLANG_ANALYZER_NONNULL = YES;
				CLANG_CXX_LANGUAGE_STANDARD = "gnu++0x";
				CLANG_CXX_LIBRARY = "libc++";
				CLANG_ENABLE_MODULES = YES;
				CLANG_ENABLE_OBJC_ARC = YES;
				CLANG_WARN_BOOL_CONVERSION = YES;
				CLANG_WARN_CONSTANT_CONVERSION = YES;
				CLANG_WARN_DIRECT_OBJC_ISA_USAGE = YES_ERROR;
				CLANG_WARN_DOCUMENTATION_COMMENTS = YES;
				CLANG_WARN_EMPTY_BODY = YES;
				CLANG_WARN_ENUM_CONVERSION = YES;
				CLANG_WARN_INT_CONVERSION = YES;
				CLANG_WARN_OBJC_ROOT_CLASS = YES_ERROR;
				CLANG_WARN_UNREACHABLE_CODE = YES;
				CLANG_WARN__DUPLICATE_METHOD_MATCH = YES;
				"CODE_SIGN_IDENTITY[sdk=iphoneos*]" = "iPhone Developer";
				COPY_PHASE_STRIP = NO;
				DEBUG_INFORMATION_FORMAT = dwarf;
				ENABLE_STRICT_OBJC_MSGSEND = YES;
				ENABLE_TESTABILITY = YES;
				GCC_C_LANGUAGE_STANDARD = gnu99;
				GCC_DYNAMIC_NO_PIC = NO;
				GCC_NO_COMMON_BLOCKS = YES;
				GCC_OPTIMIZATION_LEVEL = 0;
				GCC_PREPROCESSOR_DEFINITIONS = (
					"DEBUG=1",
					"$(inherited)",
				);
				GCC_WARN_64_TO_32_BIT_CONVERSION = YES;
				GCC_WARN_ABOUT_RETURN_TYPE = YES_ERROR;
				GCC_WARN_UNDECLARED_SELECTOR = YES;
				GCC_WARN_UNINITIALIZED_AUTOS = YES_AGGRESSIVE;
				GCC_WARN_UNUSED_FUNCTION = YES;
				GCC_WARN_UNUSED_VARIABLE = YES;
				IPHONEOS_DEPLOYMENT_TARGET = 10.0;
				MTL_ENABLE_DEBUG_INFO = YES;
				ONLY_ACTIVE_ARCH = YES;
				SDKROOT = iphoneos;
				SWIFT_ACTIVE_COMPILATION_CONDITIONS = DEBUG;
				SWIFT_OPTIMIZATION_LEVEL = "-Onone";
				TARGETED_DEVICE_FAMILY = "1,2";
			};
			name = Debug;
		};
		D566EFE21D4B635000B1D100 /* Release */ = {
			isa = XCBuildConfiguration;
			buildSettings = {
				ALWAYS_SEARCH_USER_PATHS = NO;
				CLANG_ANALYZER_NONNULL = YES;
				CLANG_CXX_LANGUAGE_STANDARD = "gnu++0x";
				CLANG_CXX_LIBRARY = "libc++";
				CLANG_ENABLE_MODULES = YES;
				CLANG_ENABLE_OBJC_ARC = YES;
				CLANG_WARN_BOOL_CONVERSION = YES;
				CLANG_WARN_CONSTANT_CONVERSION = YES;
				CLANG_WARN_DIRECT_OBJC_ISA_USAGE = YES_ERROR;
				CLANG_WARN_DOCUMENTATION_COMMENTS = YES;
				CLANG_WARN_EMPTY_BODY = YES;
				CLANG_WARN_ENUM_CONVERSION = YES;
				CLANG_WARN_INT_CONVERSION = YES;
				CLANG_WARN_OBJC_ROOT_CLASS = YES_ERROR;
				CLANG_WARN_UNREACHABLE_CODE = YES;
				CLANG_WARN__DUPLICATE_METHOD_MATCH = YES;
				"CODE_SIGN_IDENTITY[sdk=iphoneos*]" = "iPhone Developer";
				COPY_PHASE_STRIP = NO;
				DEBUG_INFORMATION_FORMAT = "dwarf-with-dsym";
				ENABLE_NS_ASSERTIONS = NO;
				ENABLE_STRICT_OBJC_MSGSEND = YES;
				GCC_C_LANGUAGE_STANDARD = gnu99;
				GCC_NO_COMMON_BLOCKS = YES;
				GCC_WARN_64_TO_32_BIT_CONVERSION = YES;
				GCC_WARN_ABOUT_RETURN_TYPE = YES_ERROR;
				GCC_WARN_UNDECLARED_SELECTOR = YES;
				GCC_WARN_UNINITIALIZED_AUTOS = YES_AGGRESSIVE;
				GCC_WARN_UNUSED_FUNCTION = YES;
				GCC_WARN_UNUSED_VARIABLE = YES;
				IPHONEOS_DEPLOYMENT_TARGET = 10.0;
				MTL_ENABLE_DEBUG_INFO = NO;
				SDKROOT = iphoneos;
				SWIFT_OPTIMIZATION_LEVEL = "-Owholemodule";
				TARGETED_DEVICE_FAMILY = "1,2";
				VALIDATE_PRODUCT = YES;
			};
			name = Release;
		};
		D566EFE41D4B635000B1D100 /* Debug */ = {
			isa = XCBuildConfiguration;
			baseConfigurationReference = C6DF2A06C1AA4C28CE0DEF20 /* Pods-我撩.debug.xcconfig */;
			buildSettings = {
				ASSETCATALOG_COMPILER_APPICON_NAME = AppIcon;
				CLANG_ENABLE_MODULES = YES;
				INFOPLIST_FILE = "我撩/Info.plist";
				LD_RUNPATH_SEARCH_PATHS = "$(inherited) @executable_path/Frameworks";
				PRODUCT_BUNDLE_IDENTIFIER = "com.scau.jgh.--";
				PRODUCT_NAME = "$(TARGET_NAME)";
				SWIFT_OBJC_BRIDGING_HEADER = "我撩/我撩-Bridging-Header.h";
				SWIFT_OPTIMIZATION_LEVEL = "-Onone";
				SWIFT_VERSION = 3.0;
			};
			name = Debug;
		};
		D566EFE51D4B635000B1D100 /* Release */ = {
			isa = XCBuildConfiguration;
			baseConfigurationReference = BF5ABC3F48C50BA164EE178F /* Pods-我撩.release.xcconfig */;
			buildSettings = {
				ASSETCATALOG_COMPILER_APPICON_NAME = AppIcon;
				CLANG_ENABLE_MODULES = YES;
				INFOPLIST_FILE = "我撩/Info.plist";
				LD_RUNPATH_SEARCH_PATHS = "$(inherited) @executable_path/Frameworks";
				PRODUCT_BUNDLE_IDENTIFIER = "com.scau.jgh.--";
				PRODUCT_NAME = "$(TARGET_NAME)";
				SWIFT_OBJC_BRIDGING_HEADER = "我撩/我撩-Bridging-Header.h";
				SWIFT_VERSION = 3.0;
			};
			name = Release;
		};
/* End XCBuildConfiguration section */

/* Begin XCConfigurationList section */
		D566EFCC1D4B634F00B1D100 /* Build configuration list for PBXProject "我撩" */ = {
			isa = XCConfigurationList;
			buildConfigurations = (
				D566EFE11D4B635000B1D100 /* Debug */,
				D566EFE21D4B635000B1D100 /* Release */,
			);
			defaultConfigurationIsVisible = 0;
			defaultConfigurationName = Release;
		};
		D566EFE31D4B635000B1D100 /* Build configuration list for PBXNativeTarget "我撩" */ = {
			isa = XCConfigurationList;
			buildConfigurations = (
				D566EFE41D4B635000B1D100 /* Debug */,
				D566EFE51D4B635000B1D100 /* Release */,
			);
			defaultConfigurationIsVisible = 0;
			defaultConfigurationName = Release;
		};
/* End XCConfigurationList section */
	};
	rootObject = D566EFC91D4B634F00B1D100 /* Project object */;
}
